
Microsoft Visual Studio Solution File, Format Version 12.00
# Visual Studio 15
VisualStudioVersion = 15.0.28307.572
MinimumVisualStudioVersion = 10.0.40219.1
Project("{FAE04EC0-301F-11D3-BF4B-00C04F79EFBC}") = "BatchReactionTest", "BatchReactionTest\BatchReactionTest.csproj", "{1D4A60B5-7BC8-4436-86C9-3BBB2314CEAC}"
EndProject
Project("{FAE04EC0-301F-11D3-BF4B-00C04F79EFBC}") = "Reaction", "ReactionEntities\Reaction.csproj", "{538348C2-2C1F-41CE-907B-3B2740F25BA8}"
EndProject
Project("{FAE04EC0-301F-11D3-BF4B-00C04F79EFBC}") = "ProblemTypes", "ProblemTypes\ProblemTypes.csproj", "{F2521A02-5CC5-4669-914F-9486FFE02ADE}"
EndProject
Project("{FAE04EC0-301F-11D3-BF4B-00C04F79EFBC}") = "StudentLabGui", "StudentLabGui\StudentLabGui.csproj", "{4C95C2E7-A0BD-40AF-A99B-4CD9569DB6C2}"
EndProject
Project("{FAE04EC0-301F-11D3-BF4B-00C04F79EFBC}") = "Exercise", "Exercise\Exercise.csproj", "{52EC7721-E3AE-41D0-87B5-77B423CB8BB7}"
EndProject
Project("{FAE04EC0-301F-11D3-BF4B-00C04F79EFBC}") = "CreateExerciseFiles", "CreateExerciseFiles\CreateExerciseFiles.csproj", "{1E039703-548D-4E5C-964E-B763645ADAC4}"
EndProject
Project("{FAE04EC0-301F-11D3-BF4B-00C04F79EFBC}") = "UtilityTools", "UtilityTools\UtilityTools.csproj", "{7ABD777A-58E6-4A9F-9F83-E8C467C2FDBC}"
EndProject
Global
	GlobalSection(SolutionConfigurationPlatforms) = preSolution
		Debug|Any CPU = Debug|Any CPU
		Release|Any CPU = Release|Any CPU
	EndGlobalSection
	GlobalSection(ProjectConfigurationPlatforms) = postSolution
		{1D4A60B5-7BC8-4436-86C9-3BBB2314CEAC}.Debug|Any CPU.ActiveCfg = Debug|Any CPU
		{1D4A60B5-7BC8-4436-86C9-3BBB2314CEAC}.Debug|Any CPU.Build.0 = Debug|Any CPU
		{1D4A60B5-7BC8-4436-86C9-3BBB2314CEAC}.Release|Any CPU.ActiveCfg = Release|Any CPU
		{1D4A60B5-7BC8-4436-86C9-3BBB2314CEAC}.Release|Any CPU.Build.0 = Release|Any CPU
		{538348C2-2C1F-41CE-907B-3B2740F25BA8}.Debug|Any CPU.ActiveCfg = Debug|Any CPU
		{538348C2-2C1F-41CE-907B-3B2740F25BA8}.Debug|Any CPU.Build.0 = Debug|Any CPU
		{538348C2-2C1F-41CE-907B-3B2740F25BA8}.Release|Any CPU.ActiveCfg = Release|Any CPU
		{538348C2-2C1F-41CE-907B-3B2740F25BA8}.Release|Any CPU.Build.0 = Release|Any CPU
		{F2521A02-5CC5-4669-914F-9486FFE02ADE}.Debug|Any CPU.ActiveCfg = Debug|Any CPU
		{F2521A02-5CC5-4669-914F-9486FFE02ADE}.Debug|Any CPU.Build.0 = Debug|Any CPU
		{F2521A02-5CC5-4669-914F-9486FFE02ADE}.Release|Any CPU.ActiveCfg = Release|Any CPU
		{F2521A02-5CC5-4669-914F-9486FFE02ADE}.Release|Any CPU.Build.0 = Release|Any CPU
		{4C95C2E7-A0BD-40AF-A99B-4CD9569DB6C2}.Debug|Any CPU.ActiveCfg = Debug|Any CPU
		{4C95C2E7-A0BD-40AF-A99B-4CD9569DB6C2}.Debug|Any CPU.Build.0 = Debug|Any CPU
		{4C95C2E7-A0BD-40AF-A99B-4CD9569DB6C2}.Release|Any CPU.ActiveCfg = Release|Any CPU
		{4C95C2E7-A0BD-40AF-A99B-4CD9569DB6C2}.Release|Any CPU.Build.0 = Release|Any CPU
		{52EC7721-E3AE-41D0-87B5-77B423CB8BB7}.Debug|Any CPU.ActiveCfg = Debug|Any CPU
		{52EC7721-E3AE-41D0-87B5-77B423CB8BB7}.Debug|Any CPU.Build.0 = Debug|Any CPU
		{52EC7721-E3AE-41D0-87B5-77B423CB8BB7}.Release|Any CPU.ActiveCfg = Release|Any CPU
		{52EC7721-E3AE-41D0-87B5-77B423CB8BB7}.Release|Any CPU.Build.0 = Release|Any CPU
		{1E039703-548D-4E5C-964E-B763645ADAC4}.Debug|Any CPU.ActiveCfg = Debug|Any CPU
		{1E039703-548D-4E5C-964E-B763645ADAC4}.Debug|Any CPU.Build.0 = Debug|Any CPU
		{1E039703-548D-4E5C-964E-B763645ADAC4}.Release|Any CPU.ActiveCfg = Release|Any CPU
		{1E039703-548D-4E5C-964E-B763645ADAC4}.Release|Any CPU.Build.0 = Release|Any CPU
		{7ABD777A-58E6-4A9F-9F83-E8C467C2FDBC}.Debug|Any CPU.ActiveCfg = Debug|Any CPU
		{7ABD777A-58E6-4A9F-9F83-E8C467C2FDBC}.Debug|Any CPU.Build.0 = Debug|Any CPU
		{7ABD777A-58E6-4A9F-9F83-E8C467C2FDBC}.Release|Any CPU.ActiveCfg = Release|Any CPU
		{7ABD777A-58E6-4A9F-9F83-E8C467C2FDBC}.Release|Any CPU.Build.0 = Release|Any CPU
	EndGlobalSection
	GlobalSection(SolutionProperties) = preSolution
		HideSolutionNode = FALSE
	EndGlobalSection
	GlobalSection(ExtensibilityGlobals) = postSolution
		SolutionGuid = {589C72CB-1320-4204-A6CF-AC57D3F161BA}
	EndGlobalSection
EndGlobal
